
Microsoft Visual Studio Solution File, Format Version 12.00
# Visual Studio Version 16
VisualStudioVersion = 16.0.31702.278
MinimumVisualStudioVersion = 10.0.40219.1
Project("{9A19103F-16F7-4668-BE54-9A1E7A4F7556}") = "SORptMvc", "SORptMvc.csproj", "{A6815BAF-0D52-4258-B875-217B23705938}"
EndProject
Global
	GlobalSection(SolutionConfigurationPlatforms) = preSolution
		Debug|Any CPU = Debug|Any CPU
		Release|Any CPU = Release|Any CPU
	EndGlobalSection
	GlobalSection(ProjectConfigurationPlatforms) = postSolution
		{A6815BAF-0D52-4258-B875-217B23705938}.Debug|Any CPU.ActiveCfg = Debug|Any CPU
		{A6815BAF-0D52-4258-B875-217B23705938}.Debug|Any CPU.Build.0 = Debug|Any CPU
		{A6815BAF-0D52-4258-B875-217B23705938}.Release|Any CPU.ActiveCfg = Release|Any CPU
		{A6815BAF-0D52-4258-B875-217B23705938}.Release|Any CPU.Build.0 = Release|Any CPU
	EndGlobalSection
	GlobalSection(SolutionProperties) = preSolution
		HideSolutionNode = FALSE
	EndGlobalSection
	GlobalSection(ExtensibilityGlobals) = postSolution
		SolutionGuid = {A5F7AF31-A20F-4AEA-B12D-17BDE2E660A9}
	EndGlobalSection
EndGlobal
